
Microsoft Visual Studio Solution File, Format Version 12.00
# Visual Studio Version 17
VisualStudioVersion = 17.2.32616.157
MinimumVisualStudioVersion = 10.0.40219.1
Project("{9A19103F-16F7-4668-BE54-9A1E7A4F7556}") = "07.SecretChat", "07.SecretChat\07.SecretChat.csproj", "{06B1DBC4-6707-4376-9518-1CA74B2F6EDE}"
EndProject
Project("{9A19103F-16F7-4668-BE54-9A1E7A4F7556}") = "11.FancyBarcodes", "11.FancyBarcodes\11.FancyBarcodes.csproj", "{51A1D226-7EE9-477B-9768-A6B2CAD15857}"
EndProject
Project("{9A19103F-16F7-4668-BE54-9A1E7A4F7556}") = "03.ThePianist", "03.ThePianist\03.ThePianist.csproj", "{69FC4A5D-69FC-4B45-AF05-9C79B94E3C10}"
EndProject
Project("{9A19103F-16F7-4668-BE54-9A1E7A4F7556}") = "06.PlantDiscovery", "06.PlantDiscovery\06.PlantDiscovery.csproj", "{70D4F06A-6FCB-498B-8F0D-D000535F298C}"
EndProject
Project("{9A19103F-16F7-4668-BE54-9A1E7A4F7556}") = "13.ActivationKeys", "13.ActivationKeys\13.ActivationKeys.csproj", "{A1845464-C281-49F8-81E8-1379A6E9CB27}"
EndProject
Project("{9A19103F-16F7-4668-BE54-9A1E7A4F7556}") = "14.EmojiDetector", "14.EmojiDetector\14.EmojiDetector.csproj", "{17B1A53B-8AB2-44D5-8C38-CD17D3756E03}"
EndProject
Project("{9A19103F-16F7-4668-BE54-9A1E7A4F7556}") = "12.HeroesOfCodeAndLogicVII", "12.HeroesOfCodeAndLogicVII\12.HeroesOfCodeAndLogicVII.csproj", "{56EDD180-70E2-4BEB-ABB1-C9F62072A5E6}"
EndProject
Project("{9A19103F-16F7-4668-BE54-9A1E7A4F7556}") = "15.P!rates", "15.P!rates\15.P!rates.csproj", "{7AB0437C-0D97-41EB-B96D-EC5850A2AD59}"
EndProject
Project("{9A19103F-16F7-4668-BE54-9A1E7A4F7556}") = "01.TheImitationGame", "01.TheImitationGame\01.TheImitationGame.csproj", "{20701177-669A-4BC0-904A-5D67BD8E6305}"
EndProject
Project("{9A19103F-16F7-4668-BE54-9A1E7A4F7556}") = "02.AdAstra", "02.AdAstra\02.AdAstra.csproj", "{284E8C3F-2012-4FD5-8A34-55B040C238D0}"
EndProject
Project("{9A19103F-16F7-4668-BE54-9A1E7A4F7556}") = "04.WorldTour", "04.WorldTour\04.WorldTour.csproj", "{0B2F1DFD-DFF4-4863-8925-2837EDA7E9F2}"
EndProject
Project("{FAE04EC0-301F-11D3-BF4B-00C04F79EFBC}") = "05.DestinationMapper", "05.DestinationMapper\05.DestinationMapper.csproj", "{2A5EE217-1505-457E-AEA3-5639B2A6168F}"
EndProject
Project("{FAE04EC0-301F-11D3-BF4B-00C04F79EFBC}") = "08.MirrorWords", "08.MirrorWords\08.MirrorWords.csproj", "{89B54A62-0D32-469A-803C-9C59E1C9690C}"
EndProject
Global
	GlobalSection(SolutionConfigurationPlatforms) = preSolution
		Debug|Any CPU = Debug|Any CPU
		Release|Any CPU = Release|Any CPU
	EndGlobalSection
	GlobalSection(ProjectConfigurationPlatforms) = postSolution
		{06B1DBC4-6707-4376-9518-1CA74B2F6EDE}.Debug|Any CPU.ActiveCfg = Debug|Any CPU
		{06B1DBC4-6707-4376-9518-1CA74B2F6EDE}.Debug|Any CPU.Build.0 = Debug|Any CPU
		{06B1DBC4-6707-4376-9518-1CA74B2F6EDE}.Release|Any CPU.ActiveCfg = Release|Any CPU
		{06B1DBC4-6707-4376-9518-1CA74B2F6EDE}.Release|Any CPU.Build.0 = Release|Any CPU
		{51A1D226-7EE9-477B-9768-A6B2CAD15857}.Debug|Any CPU.ActiveCfg = Debug|Any CPU
		{51A1D226-7EE9-477B-9768-A6B2CAD15857}.Debug|Any CPU.Build.0 = Debug|Any CPU
		{51A1D226-7EE9-477B-9768-A6B2CAD15857}.Release|Any CPU.ActiveCfg = Release|Any CPU
		{51A1D226-7EE9-477B-9768-A6B2CAD15857}.Release|Any CPU.Build.0 = Release|Any CPU
		{69FC4A5D-69FC-4B45-AF05-9C79B94E3C10}.Debug|Any CPU.ActiveCfg = Debug|Any CPU
		{69FC4A5D-69FC-4B45-AF05-9C79B94E3C10}.Debug|Any CPU.Build.0 = Debug|Any CPU
		{69FC4A5D-69FC-4B45-AF05-9C79B94E3C10}.Release|Any CPU.ActiveCfg = Release|Any CPU
		{69FC4A5D-69FC-4B45-AF05-9C79B94E3C10}.Release|Any CPU.Build.0 = Release|Any CPU
		{70D4F06A-6FCB-498B-8F0D-D000535F298C}.Debug|Any CPU.ActiveCfg = Debug|Any CPU
		{70D4F06A-6FCB-498B-8F0D-D000535F298C}.Debug|Any CPU.Build.0 = Debug|Any CPU
		{70D4F06A-6FCB-498B-8F0D-D000535F298C}.Release|Any CPU.ActiveCfg = Release|Any CPU
		{70D4F06A-6FCB-498B-8F0D-D000535F298C}.Release|Any CPU.Build.0 = Release|Any CPU
		{A1845464-C281-49F8-81E8-1379A6E9CB27}.Debug|Any CPU.ActiveCfg = Debug|Any CPU
		{A1845464-C281-49F8-81E8-1379A6E9CB27}.Debug|Any CPU.Build.0 = Debug|Any CPU
		{A1845464-C281-49F8-81E8-1379A6E9CB27}.Release|Any CPU.ActiveCfg = Release|Any CPU
		{A1845464-C281-49F8-81E8-1379A6E9CB27}.Release|Any CPU.Build.0 = Release|Any CPU
		{17B1A53B-8AB2-44D5-8C38-CD17D3756E03}.Debug|Any CPU.ActiveCfg = Debug|Any CPU
		{17B1A53B-8AB2-44D5-8C38-CD17D3756E03}.Debug|Any CPU.Build.0 = Debug|Any CPU
		{17B1A53B-8AB2-44D5-8C38-CD17D3756E03}.Release|Any CPU.ActiveCfg = Release|Any CPU
		{17B1A53B-8AB2-44D5-8C38-CD17D3756E03}.Release|Any CPU.Build.0 = Release|Any CPU
		{56EDD180-70E2-4BEB-ABB1-C9F62072A5E6}.Debug|Any CPU.ActiveCfg = Debug|Any CPU
		{56EDD180-70E2-4BEB-ABB1-C9F62072A5E6}.Debug|Any CPU.Build.0 = Debug|Any CPU
		{56EDD180-70E2-4BEB-ABB1-C9F62072A5E6}.Release|Any CPU.ActiveCfg = Release|Any CPU
		{56EDD180-70E2-4BEB-ABB1-C9F62072A5E6}.Release|Any CPU.Build.0 = Release|Any CPU
		{7AB0437C-0D97-41EB-B96D-EC5850A2AD59}.Debug|Any CPU.ActiveCfg = Debug|Any CPU
		{7AB0437C-0D97-41EB-B96D-EC5850A2AD59}.Debug|Any CPU.Build.0 = Debug|Any CPU
		{7AB0437C-0D97-41EB-B96D-EC5850A2AD59}.Release|Any CPU.ActiveCfg = Release|Any CPU
		{7AB0437C-0D97-41EB-B96D-EC5850A2AD59}.Release|Any CPU.Build.0 = Release|Any CPU
		{20701177-669A-4BC0-904A-5D67BD8E6305}.Debug|Any CPU.ActiveCfg = Debug|Any CPU
		{20701177-669A-4BC0-904A-5D67BD8E6305}.Debug|Any CPU.Build.0 = Debug|Any CPU
		{20701177-669A-4BC0-904A-5D67BD8E6305}.Release|Any CPU.ActiveCfg = Release|Any CPU
		{20701177-669A-4BC0-904A-5D67BD8E6305}.Release|Any CPU.Build.0 = Release|Any CPU
		{284E8C3F-2012-4FD5-8A34-55B040C238D0}.Debug|Any CPU.ActiveCfg = Debug|Any CPU
		{284E8C3F-2012-4FD5-8A34-55B040C238D0}.Debug|Any CPU.Build.0 = Debug|Any CPU
		{284E8C3F-2012-4FD5-8A34-55B040C238D0}.Release|Any CPU.ActiveCfg = Release|Any CPU
		{284E8C3F-2012-4FD5-8A34-55B040C238D0}.Release|Any CPU.Build.0 = Release|Any CPU
		{0B2F1DFD-DFF4-4863-8925-2837EDA7E9F2}.Debug|Any CPU.ActiveCfg = Debug|Any CPU
		{0B2F1DFD-DFF4-4863-8925-2837EDA7E9F2}.Debug|Any CPU.Build.0 = Debug|Any CPU
		{0B2F1DFD-DFF4-4863-8925-2837EDA7E9F2}.Release|Any CPU.ActiveCfg = Release|Any CPU
		{0B2F1DFD-DFF4-4863-8925-2837EDA7E9F2}.Release|Any CPU.Build.0 = Release|Any CPU
		{2A5EE217-1505-457E-AEA3-5639B2A6168F}.Debug|Any CPU.ActiveCfg = Debug|Any CPU
		{2A5EE217-1505-457E-AEA3-5639B2A6168F}.Debug|Any CPU.Build.0 = Debug|Any CPU
		{2A5EE217-1505-457E-AEA3-5639B2A6168F}.Release|Any CPU.ActiveCfg = Release|Any CPU
		{2A5EE217-1505-457E-AEA3-5639B2A6168F}.Release|Any CPU.Build.0 = Release|Any CPU
		{89B54A62-0D32-469A-803C-9C59E1C9690C}.Debug|Any CPU.ActiveCfg = Debug|Any CPU
		{89B54A62-0D32-469A-803C-9C59E1C9690C}.Debug|Any CPU.Build.0 = Debug|Any CPU
		{89B54A62-0D32-469A-803C-9C59E1C9690C}.Release|Any CPU.ActiveCfg = Release|Any CPU
		{89B54A62-0D32-469A-803C-9C59E1C9690C}.Release|Any CPU.Build.0 = Release|Any CPU
	EndGlobalSection
	GlobalSection(SolutionProperties) = preSolution
		HideSolutionNode = FALSE
	EndGlobalSection
	GlobalSection(ExtensibilityGlobals) = postSolution
		SolutionGuid = {045ECBAC-DD0F-4E13-806F-47865D1DDA49}
	EndGlobalSection
EndGlobal
