
Microsoft Visual Studio Solution File, Format Version 12.00
# Visual Studio Version 17
VisualStudioVersion = 17.2.32616.157
MinimumVisualStudioVersion = 10.0.40219.1
Project("{9A19103F-16F7-4668-BE54-9A1E7A4F7556}") = "01.GuineaPig", "01.GuineaPig\01.GuineaPig.csproj", "{9D7B316D-3082-4021-A9BB-7DB102DB2C77}"
EndProject
Project("{9A19103F-16F7-4668-BE54-9A1E7A4F7556}") = "02.ShoppingList", "02.ShoppingList\02.ShoppingList.csproj", "{A021D5B4-CC1C-4804-9E2A-28B940CDA778}"
EndProject
Project("{9A19103F-16F7-4668-BE54-9A1E7A4F7556}") = "03.HeartDelivery", "03.HeartDelivery\03.HeartDelivery.csproj", "{AE2B27CE-3F12-467A-8167-E59391501DD2}"
EndProject
Project("{9A19103F-16F7-4668-BE54-9A1E7A4F7556}") = "05. The Lift", "05. The Lift\05. The Lift.csproj", "{181D0A02-DCC5-43E5-A246-C1ADA7520C98}"
EndProject
Project("{9A19103F-16F7-4668-BE54-9A1E7A4F7556}") = "04.ComputerStore", "04.ComputerStore.undone\04.ComputerStore.csproj", "{A1B14C62-EBD2-4618-86EB-9EFE5051F778}"
EndProject
Project("{9A19103F-16F7-4668-BE54-9A1E7A4F7556}") = "06.MemoryGame", "03.MemoryGame.undone\06.MemoryGame.csproj", "{5F9A3833-59F1-437C-81BD-C39DBEA95100}"
EndProject
Project("{9A19103F-16F7-4668-BE54-9A1E7A4F7556}") = "07.Counter-Strike", "01.Counter-Strike.undone\07.Counter-Strike.csproj", "{4DBB07F7-B41F-4F4A-A5A6-660021B18671}"
EndProject
Project("{9A19103F-16F7-4668-BE54-9A1E7A4F7556}") = "08.ShootForTheWin", "02.ShootForTheWin.undone\08.ShootForTheWin.csproj", "{3661ADEB-D761-4368-8E94-483490062879}"
EndProject
Project("{9A19103F-16F7-4668-BE54-9A1E7A4F7556}") = "09.MovingTarget", "09.MovingTarget\09.MovingTarget.csproj", "{187F3920-CB02-48A6-8424-09DA225F4944}"
EndProject
Project("{9A19103F-16F7-4668-BE54-9A1E7A4F7556}") = "10.SoftUniReception", "10.SoftUniReception\10.SoftUniReception.csproj", "{5CD5AA39-BB9F-49B5-A7BF-59953DDFF034}"
EndProject
Project("{9A19103F-16F7-4668-BE54-9A1E7A4F7556}") = "11. ArrayModifier", "11. ArrayModifier\11. ArrayModifier.csproj", "{350E0C53-5330-47BB-AB1C-9F571ABA83C2}"
EndProject
Project("{9A19103F-16F7-4668-BE54-9A1E7A4F7556}") = "12.Numbers", "12.Numbers\12.Numbers.csproj", "{6A4F64B2-D42B-4CD9-A474-8B1E87E8B9DF}"
EndProject
Project("{FAE04EC0-301F-11D3-BF4B-00C04F79EFBC}") = "13.BonusScoringSystem", "13.BonusScoringSystem\13.BonusScoringSystem.csproj", "{10176183-09A0-4EF5-8C7A-8FFE95D3B3AD}"
EndProject
Project("{FAE04EC0-301F-11D3-BF4B-00C04F79EFBC}") = "14.MuOnline", "14.MuOnline\14.MuOnline.csproj", "{A2683BD8-D934-4174-9A45-6033C1970984}"
EndProject
Project("{FAE04EC0-301F-11D3-BF4B-00C04F79EFBC}") = "15.Inventory", "15.Inventory\15.Inventory.csproj", "{87835BE5-0777-44C8-9AC8-02AB6BBE4F23}"
EndProject
Global
	GlobalSection(SolutionConfigurationPlatforms) = preSolution
		Debug|Any CPU = Debug|Any CPU
		Release|Any CPU = Release|Any CPU
	EndGlobalSection
	GlobalSection(ProjectConfigurationPlatforms) = postSolution
		{9D7B316D-3082-4021-A9BB-7DB102DB2C77}.Debug|Any CPU.ActiveCfg = Debug|Any CPU
		{9D7B316D-3082-4021-A9BB-7DB102DB2C77}.Debug|Any CPU.Build.0 = Debug|Any CPU
		{9D7B316D-3082-4021-A9BB-7DB102DB2C77}.Release|Any CPU.ActiveCfg = Release|Any CPU
		{9D7B316D-3082-4021-A9BB-7DB102DB2C77}.Release|Any CPU.Build.0 = Release|Any CPU
		{A021D5B4-CC1C-4804-9E2A-28B940CDA778}.Debug|Any CPU.ActiveCfg = Debug|Any CPU
		{A021D5B4-CC1C-4804-9E2A-28B940CDA778}.Debug|Any CPU.Build.0 = Debug|Any CPU
		{A021D5B4-CC1C-4804-9E2A-28B940CDA778}.Release|Any CPU.ActiveCfg = Release|Any CPU
		{A021D5B4-CC1C-4804-9E2A-28B940CDA778}.Release|Any CPU.Build.0 = Release|Any CPU
		{AE2B27CE-3F12-467A-8167-E59391501DD2}.Debug|Any CPU.ActiveCfg = Debug|Any CPU
		{AE2B27CE-3F12-467A-8167-E59391501DD2}.Debug|Any CPU.Build.0 = Debug|Any CPU
		{AE2B27CE-3F12-467A-8167-E59391501DD2}.Release|Any CPU.ActiveCfg = Release|Any CPU
		{AE2B27CE-3F12-467A-8167-E59391501DD2}.Release|Any CPU.Build.0 = Release|Any CPU
		{181D0A02-DCC5-43E5-A246-C1ADA7520C98}.Debug|Any CPU.ActiveCfg = Debug|Any CPU
		{181D0A02-DCC5-43E5-A246-C1ADA7520C98}.Debug|Any CPU.Build.0 = Debug|Any CPU
		{181D0A02-DCC5-43E5-A246-C1ADA7520C98}.Release|Any CPU.ActiveCfg = Release|Any CPU
		{181D0A02-DCC5-43E5-A246-C1ADA7520C98}.Release|Any CPU.Build.0 = Release|Any CPU
		{A1B14C62-EBD2-4618-86EB-9EFE5051F778}.Debug|Any CPU.ActiveCfg = Debug|Any CPU
		{A1B14C62-EBD2-4618-86EB-9EFE5051F778}.Debug|Any CPU.Build.0 = Debug|Any CPU
		{A1B14C62-EBD2-4618-86EB-9EFE5051F778}.Release|Any CPU.ActiveCfg = Release|Any CPU
		{A1B14C62-EBD2-4618-86EB-9EFE5051F778}.Release|Any CPU.Build.0 = Release|Any CPU
		{5F9A3833-59F1-437C-81BD-C39DBEA95100}.Debug|Any CPU.ActiveCfg = Debug|Any CPU
		{5F9A3833-59F1-437C-81BD-C39DBEA95100}.Debug|Any CPU.Build.0 = Debug|Any CPU
		{5F9A3833-59F1-437C-81BD-C39DBEA95100}.Release|Any CPU.ActiveCfg = Release|Any CPU
		{5F9A3833-59F1-437C-81BD-C39DBEA95100}.Release|Any CPU.Build.0 = Release|Any CPU
		{4DBB07F7-B41F-4F4A-A5A6-660021B18671}.Debug|Any CPU.ActiveCfg = Debug|Any CPU
		{4DBB07F7-B41F-4F4A-A5A6-660021B18671}.Debug|Any CPU.Build.0 = Debug|Any CPU
		{4DBB07F7-B41F-4F4A-A5A6-660021B18671}.Release|Any CPU.ActiveCfg = Release|Any CPU
		{4DBB07F7-B41F-4F4A-A5A6-660021B18671}.Release|Any CPU.Build.0 = Release|Any CPU
		{3661ADEB-D761-4368-8E94-483490062879}.Debug|Any CPU.ActiveCfg = Debug|Any CPU
		{3661ADEB-D761-4368-8E94-483490062879}.Debug|Any CPU.Build.0 = Debug|Any CPU
		{3661ADEB-D761-4368-8E94-483490062879}.Release|Any CPU.ActiveCfg = Release|Any CPU
		{3661ADEB-D761-4368-8E94-483490062879}.Release|Any CPU.Build.0 = Release|Any CPU
		{187F3920-CB02-48A6-8424-09DA225F4944}.Debug|Any CPU.ActiveCfg = Debug|Any CPU
		{187F3920-CB02-48A6-8424-09DA225F4944}.Debug|Any CPU.Build.0 = Debug|Any CPU
		{187F3920-CB02-48A6-8424-09DA225F4944}.Release|Any CPU.ActiveCfg = Release|Any CPU
		{187F3920-CB02-48A6-8424-09DA225F4944}.Release|Any CPU.Build.0 = Release|Any CPU
		{5CD5AA39-BB9F-49B5-A7BF-59953DDFF034}.Debug|Any CPU.ActiveCfg = Debug|Any CPU
		{5CD5AA39-BB9F-49B5-A7BF-59953DDFF034}.Debug|Any CPU.Build.0 = Debug|Any CPU
		{5CD5AA39-BB9F-49B5-A7BF-59953DDFF034}.Release|Any CPU.ActiveCfg = Release|Any CPU
		{5CD5AA39-BB9F-49B5-A7BF-59953DDFF034}.Release|Any CPU.Build.0 = Release|Any CPU
		{350E0C53-5330-47BB-AB1C-9F571ABA83C2}.Debug|Any CPU.ActiveCfg = Debug|Any CPU
		{350E0C53-5330-47BB-AB1C-9F571ABA83C2}.Debug|Any CPU.Build.0 = Debug|Any CPU
		{350E0C53-5330-47BB-AB1C-9F571ABA83C2}.Release|Any CPU.ActiveCfg = Release|Any CPU
		{350E0C53-5330-47BB-AB1C-9F571ABA83C2}.Release|Any CPU.Build.0 = Release|Any CPU
		{6A4F64B2-D42B-4CD9-A474-8B1E87E8B9DF}.Debug|Any CPU.ActiveCfg = Debug|Any CPU
		{6A4F64B2-D42B-4CD9-A474-8B1E87E8B9DF}.Debug|Any CPU.Build.0 = Debug|Any CPU
		{6A4F64B2-D42B-4CD9-A474-8B1E87E8B9DF}.Release|Any CPU.ActiveCfg = Release|Any CPU
		{6A4F64B2-D42B-4CD9-A474-8B1E87E8B9DF}.Release|Any CPU.Build.0 = Release|Any CPU
		{10176183-09A0-4EF5-8C7A-8FFE95D3B3AD}.Debug|Any CPU.ActiveCfg = Debug|Any CPU
		{10176183-09A0-4EF5-8C7A-8FFE95D3B3AD}.Debug|Any CPU.Build.0 = Debug|Any CPU
		{10176183-09A0-4EF5-8C7A-8FFE95D3B3AD}.Release|Any CPU.ActiveCfg = Release|Any CPU
		{10176183-09A0-4EF5-8C7A-8FFE95D3B3AD}.Release|Any CPU.Build.0 = Release|Any CPU
		{A2683BD8-D934-4174-9A45-6033C1970984}.Debug|Any CPU.ActiveCfg = Debug|Any CPU
		{A2683BD8-D934-4174-9A45-6033C1970984}.Debug|Any CPU.Build.0 = Debug|Any CPU
		{A2683BD8-D934-4174-9A45-6033C1970984}.Release|Any CPU.ActiveCfg = Release|Any CPU
		{A2683BD8-D934-4174-9A45-6033C1970984}.Release|Any CPU.Build.0 = Release|Any CPU
		{87835BE5-0777-44C8-9AC8-02AB6BBE4F23}.Debug|Any CPU.ActiveCfg = Debug|Any CPU
		{87835BE5-0777-44C8-9AC8-02AB6BBE4F23}.Debug|Any CPU.Build.0 = Debug|Any CPU
		{87835BE5-0777-44C8-9AC8-02AB6BBE4F23}.Release|Any CPU.ActiveCfg = Release|Any CPU
		{87835BE5-0777-44C8-9AC8-02AB6BBE4F23}.Release|Any CPU.Build.0 = Release|Any CPU
	EndGlobalSection
	GlobalSection(SolutionProperties) = preSolution
		HideSolutionNode = FALSE
	EndGlobalSection
	GlobalSection(ExtensibilityGlobals) = postSolution
		SolutionGuid = {23757EE1-C4C0-474E-AB77-F0D466BEEE2D}
	EndGlobalSection
EndGlobal
