
Microsoft Visual Studio Solution File, Format Version 12.00
# Visual Studio Version 17
VisualStudioVersion = 17.2.32616.157
MinimumVisualStudioVersion = 10.0.40219.1
Project("{FAE04EC0-301F-11D3-BF4B-00C04F79EFBC}") = "01.RandomizeWords", "01.RandomizeWords\01.RandomizeWords.csproj", "{B49185E2-8041-4496-923D-962F960B3A9B}"
EndProject
Project("{FAE04EC0-301F-11D3-BF4B-00C04F79EFBC}") = "02.BigFactorial", "02.BigFactorial\02.BigFactorial.csproj", "{B4372E1A-B34D-466A-8321-23C5BA1F4543}"
EndProject
Project("{FAE04EC0-301F-11D3-BF4B-00C04F79EFBC}") = "03.Songs", "03.Songs\03.Songs.csproj", "{8B5A7EE9-9254-4191-B6F9-B061D78344D2}"
EndProject
Project("{FAE04EC0-301F-11D3-BF4B-00C04F79EFBC}") = "04.Students", "04.Students\04.Students.csproj", "{A5CE1FFA-C399-4C30-B181-0F26B6D4D3A1}"
EndProject
Project("{FAE04EC0-301F-11D3-BF4B-00C04F79EFBC}") = "06.StoreBoxes", "06.StoreBoxes\06.StoreBoxes.csproj", "{7431B563-28ED-4F9F-8DF8-032C11B67430}"
EndProject
Global
	GlobalSection(SolutionConfigurationPlatforms) = preSolution
		Debug|Any CPU = Debug|Any CPU
		Release|Any CPU = Release|Any CPU
	EndGlobalSection
	GlobalSection(ProjectConfigurationPlatforms) = postSolution
		{B49185E2-8041-4496-923D-962F960B3A9B}.Debug|Any CPU.ActiveCfg = Debug|Any CPU
		{B49185E2-8041-4496-923D-962F960B3A9B}.Debug|Any CPU.Build.0 = Debug|Any CPU
		{B49185E2-8041-4496-923D-962F960B3A9B}.Release|Any CPU.ActiveCfg = Release|Any CPU
		{B49185E2-8041-4496-923D-962F960B3A9B}.Release|Any CPU.Build.0 = Release|Any CPU
		{B4372E1A-B34D-466A-8321-23C5BA1F4543}.Debug|Any CPU.ActiveCfg = Debug|Any CPU
		{B4372E1A-B34D-466A-8321-23C5BA1F4543}.Debug|Any CPU.Build.0 = Debug|Any CPU
		{B4372E1A-B34D-466A-8321-23C5BA1F4543}.Release|Any CPU.ActiveCfg = Release|Any CPU
		{B4372E1A-B34D-466A-8321-23C5BA1F4543}.Release|Any CPU.Build.0 = Release|Any CPU
		{8B5A7EE9-9254-4191-B6F9-B061D78344D2}.Debug|Any CPU.ActiveCfg = Debug|Any CPU
		{8B5A7EE9-9254-4191-B6F9-B061D78344D2}.Debug|Any CPU.Build.0 = Debug|Any CPU
		{8B5A7EE9-9254-4191-B6F9-B061D78344D2}.Release|Any CPU.ActiveCfg = Release|Any CPU
		{8B5A7EE9-9254-4191-B6F9-B061D78344D2}.Release|Any CPU.Build.0 = Release|Any CPU
		{A5CE1FFA-C399-4C30-B181-0F26B6D4D3A1}.Debug|Any CPU.ActiveCfg = Debug|Any CPU
		{A5CE1FFA-C399-4C30-B181-0F26B6D4D3A1}.Debug|Any CPU.Build.0 = Debug|Any CPU
		{A5CE1FFA-C399-4C30-B181-0F26B6D4D3A1}.Release|Any CPU.ActiveCfg = Release|Any CPU
		{A5CE1FFA-C399-4C30-B181-0F26B6D4D3A1}.Release|Any CPU.Build.0 = Release|Any CPU
		{7431B563-28ED-4F9F-8DF8-032C11B67430}.Debug|Any CPU.ActiveCfg = Debug|Any CPU
		{7431B563-28ED-4F9F-8DF8-032C11B67430}.Debug|Any CPU.Build.0 = Debug|Any CPU
		{7431B563-28ED-4F9F-8DF8-032C11B67430}.Release|Any CPU.ActiveCfg = Release|Any CPU
		{7431B563-28ED-4F9F-8DF8-032C11B67430}.Release|Any CPU.Build.0 = Release|Any CPU
	EndGlobalSection
	GlobalSection(SolutionProperties) = preSolution
		HideSolutionNode = FALSE
	EndGlobalSection
	GlobalSection(ExtensibilityGlobals) = postSolution
		SolutionGuid = {14833EEA-1FEB-48B5-9CCF-9E4D876587D0}
	EndGlobalSection
EndGlobal
