
Microsoft Visual Studio Solution File, Format Version 12.00
# Visual Studio Version 17
VisualStudioVersion = 17.2.32616.157
MinimumVisualStudioVersion = 10.0.40219.1
Project("{FAE04EC0-301F-11D3-BF4B-00C04F79EFBC}") = "01.SumAdjacentEqualNumbers", "01.SumAdjacentEqualNumbers\01.SumAdjacentEqualNumbers.csproj", "{A36477FC-A874-47C7-8E46-AD863BBF3A37}"
EndProject
Project("{FAE04EC0-301F-11D3-BF4B-00C04F79EFBC}") = "02. Gauss' Trick", "02. Gauss' Trick\02. Gauss' Trick.csproj", "{2CB8F0D7-447D-4BFC-8448-953C1AA7824F}"
EndProject
Project("{FAE04EC0-301F-11D3-BF4B-00C04F79EFBC}") = "03.MergingLists", "03.MergingLists\03.MergingLists.csproj", "{B6EDCA9B-759C-4892-A700-34025BF9F4BF}"
EndProject
Project("{FAE04EC0-301F-11D3-BF4B-00C04F79EFBC}") = "04.ListofProducts", "04.ListofProducts\04.ListofProducts.csproj", "{6B652EFB-94EC-4E71-90B9-F1970F857DCB}"
EndProject
Project("{FAE04EC0-301F-11D3-BF4B-00C04F79EFBC}") = "05.RemoveNegativesandReverse", "05.RemoveNegativesandReverse\05.RemoveNegativesandReverse.csproj", "{E5054F4F-3B0E-4789-AD40-E2F4A90B61A3}"
EndProject
Global
	GlobalSection(SolutionConfigurationPlatforms) = preSolution
		Debug|Any CPU = Debug|Any CPU
		Release|Any CPU = Release|Any CPU
	EndGlobalSection
	GlobalSection(ProjectConfigurationPlatforms) = postSolution
		{A36477FC-A874-47C7-8E46-AD863BBF3A37}.Debug|Any CPU.ActiveCfg = Debug|Any CPU
		{A36477FC-A874-47C7-8E46-AD863BBF3A37}.Debug|Any CPU.Build.0 = Debug|Any CPU
		{A36477FC-A874-47C7-8E46-AD863BBF3A37}.Release|Any CPU.ActiveCfg = Release|Any CPU
		{A36477FC-A874-47C7-8E46-AD863BBF3A37}.Release|Any CPU.Build.0 = Release|Any CPU
		{2CB8F0D7-447D-4BFC-8448-953C1AA7824F}.Debug|Any CPU.ActiveCfg = Debug|Any CPU
		{2CB8F0D7-447D-4BFC-8448-953C1AA7824F}.Debug|Any CPU.Build.0 = Debug|Any CPU
		{2CB8F0D7-447D-4BFC-8448-953C1AA7824F}.Release|Any CPU.ActiveCfg = Release|Any CPU
		{2CB8F0D7-447D-4BFC-8448-953C1AA7824F}.Release|Any CPU.Build.0 = Release|Any CPU
		{B6EDCA9B-759C-4892-A700-34025BF9F4BF}.Debug|Any CPU.ActiveCfg = Debug|Any CPU
		{B6EDCA9B-759C-4892-A700-34025BF9F4BF}.Debug|Any CPU.Build.0 = Debug|Any CPU
		{B6EDCA9B-759C-4892-A700-34025BF9F4BF}.Release|Any CPU.ActiveCfg = Release|Any CPU
		{B6EDCA9B-759C-4892-A700-34025BF9F4BF}.Release|Any CPU.Build.0 = Release|Any CPU
		{6B652EFB-94EC-4E71-90B9-F1970F857DCB}.Debug|Any CPU.ActiveCfg = Debug|Any CPU
		{6B652EFB-94EC-4E71-90B9-F1970F857DCB}.Debug|Any CPU.Build.0 = Debug|Any CPU
		{6B652EFB-94EC-4E71-90B9-F1970F857DCB}.Release|Any CPU.ActiveCfg = Release|Any CPU
		{6B652EFB-94EC-4E71-90B9-F1970F857DCB}.Release|Any CPU.Build.0 = Release|Any CPU
		{E5054F4F-3B0E-4789-AD40-E2F4A90B61A3}.Debug|Any CPU.ActiveCfg = Debug|Any CPU
		{E5054F4F-3B0E-4789-AD40-E2F4A90B61A3}.Debug|Any CPU.Build.0 = Debug|Any CPU
		{E5054F4F-3B0E-4789-AD40-E2F4A90B61A3}.Release|Any CPU.ActiveCfg = Release|Any CPU
		{E5054F4F-3B0E-4789-AD40-E2F4A90B61A3}.Release|Any CPU.Build.0 = Release|Any CPU
	EndGlobalSection
	GlobalSection(SolutionProperties) = preSolution
		HideSolutionNode = FALSE
	EndGlobalSection
	GlobalSection(ExtensibilityGlobals) = postSolution
		SolutionGuid = {66BDEE7A-C7E2-43B8-BB2B-15EDC9F4E677}
	EndGlobalSection
EndGlobal
